
Microsoft Visual Studio Solution File, Format Version 12.00
# Visual Studio Version 17
VisualStudioVersion = 17.2.32526.322
MinimumVisualStudioVersion = 10.0.40219.1
Project("{9A19103F-16F7-4668-BE54-9A1E7A4F7556}") = "2022-02", "2022-02\2022-02.csproj", "{13EA7923-E2B4-4038-826F-244F03E3B9BA}"
EndProject
Project("{9A19103F-16F7-4668-BE54-9A1E7A4F7556}") = "2022-03", "2022-03\2022-03.csproj", "{BB36F9C2-FE20-444A-B599-FB087404D715}"
EndProject
Project("{9A19103F-16F7-4668-BE54-9A1E7A4F7556}") = "2022-06", "2022-06\2022-06.csproj", "{5B3F61E4-D3B2-4A1C-B27C-BB117444F159}"
EndProject
Project("{9A19103F-16F7-4668-BE54-9A1E7A4F7556}") = "2022-04", "2022-04\2022-04.csproj", "{C02B402A-58F8-400C-990A-DFE4CC9F1B7D}"
EndProject
Project("{9A19103F-16F7-4668-BE54-9A1E7A4F7556}") = "2022-05", "2022-05\2022-05.csproj", "{1FCDCB97-A32E-44C1-85BA-98C74C9B1713}"
EndProject
Project("{9A19103F-16F7-4668-BE54-9A1E7A4F7556}") = "2022-01", "2022-01\2022-01.csproj", "{62E134D7-B7ED-4533-AED7-2304BD7A9A5C}"
EndProject
Project("{9A19103F-16F7-4668-BE54-9A1E7A4F7556}") = "2022-07", "2022-07\2022-07.csproj", "{AF9CEB2E-A1F8-497D-A871-E7B9661A6677}"
EndProject
Project("{9A19103F-16F7-4668-BE54-9A1E7A4F7556}") = "2022-08", "2022-08\2022-08.csproj", "{00A74FE4-173F-40C3-A93F-69D31E62682F}"
EndProject
Project("{9A19103F-16F7-4668-BE54-9A1E7A4F7556}") = "2022-09", "2022-09\2022-09.csproj", "{1B50E942-CB4F-4C66-B7FA-28EFF34D18FB}"
EndProject
Project("{9A19103F-16F7-4668-BE54-9A1E7A4F7556}") = "2022-10", "2022-10\2022-10.csproj", "{72AC63AF-F02B-44D0-8E52-5ECD24B31163}"
EndProject
Project("{9A19103F-16F7-4668-BE54-9A1E7A4F7556}") = "2022-11", "2022-11\2022-11.csproj", "{B418B35D-B837-4BBC-9B09-397D751B2596}"
EndProject
Project("{9A19103F-16F7-4668-BE54-9A1E7A4F7556}") = "2022-12", "2022-12\2022-12.csproj", "{713FBAD2-EF7B-41FC-93DB-52CFBFE5ED66}"
EndProject
Project("{2150E333-8FDC-42A3-9474-1A3956D46DE8}") = "Solution Items", "Solution Items", "{90EED714-0D75-4624-997E-43DDCB60AADF}"
	ProjectSection(SolutionItems) = preProject
		Leaderboard.txt = Leaderboard.txt
	EndProjectSection
EndProject
Project("{9A19103F-16F7-4668-BE54-9A1E7A4F7556}") = "2023-01", "2023-01\2023-01.csproj", "{A80501AF-A554-426C-B67F-542A4FD0AC70}"
EndProject
Project("{9A19103F-16F7-4668-BE54-9A1E7A4F7556}") = "2023-02", "2023-02\2023-02.csproj", "{357ED68C-3FC5-48D5-A86D-B5DF4BBA9903}"
EndProject
Project("{9A19103F-16F7-4668-BE54-9A1E7A4F7556}") = "2023-03", "2023-03\2023-03.csproj", "{F79FA2C3-B5AF-4882-B4D8-C4B9026DB129}"
EndProject
Project("{9A19103F-16F7-4668-BE54-9A1E7A4F7556}") = "2023-04", "2023-04\2023-04.csproj", "{9B8F2FC7-04FC-4A83-9D54-C6C31BCF0082}"
EndProject
Project("{9A19103F-16F7-4668-BE54-9A1E7A4F7556}") = "2023-05", "2023-05\2023-05.csproj", "{D6D6FD06-8F1B-4F3D-A306-BA14714A978E}"
EndProject
Project("{9A19103F-16F7-4668-BE54-9A1E7A4F7556}") = "2023-06", "2023-06\2023-06.csproj", "{BA110AD5-A7F1-4056-B18F-2C591D455232}"
EndProject
Project("{9A19103F-16F7-4668-BE54-9A1E7A4F7556}") = "2023-07", "2023-07\2023-07.csproj", "{D1AE4D7A-E4C8-45E1-B459-84AABDB45D9F}"
EndProject
Project("{9A19103F-16F7-4668-BE54-9A1E7A4F7556}") = "2023-08", "2023-08\2023-08.csproj", "{BC5EDCC1-DD68-47F8-ACD8-1DA1F579C5D4}"
EndProject
Project("{9A19103F-16F7-4668-BE54-9A1E7A4F7556}") = "2023-09", "2023-09\2023-09.csproj", "{EC389E56-B0E2-43EA-9BC4-EAA059AE8AAA}"
EndProject
Project("{9A19103F-16F7-4668-BE54-9A1E7A4F7556}") = "2023-10", "2023-10\2023-10.csproj", "{3E4B6E4B-8C1A-4BDA-9B5D-6967794BD19C}"
EndProject
Project("{9A19103F-16F7-4668-BE54-9A1E7A4F7556}") = "2023-11", "2023-11\2023-11.csproj", "{523D7605-DCA5-4434-8079-7A6E3CAC6D77}"
EndProject
Project("{9A19103F-16F7-4668-BE54-9A1E7A4F7556}") = "AoC", "AoC\AoC.csproj", "{8BCEB54F-1876-4CA3-ABA6-A9937DA62E60}"
EndProject
Project("{9A19103F-16F7-4668-BE54-9A1E7A4F7556}") = "2023-13", "2023-13\2023-13.csproj", "{24759E19-D61B-4D39-9CC2-E413087D205D}"
EndProject
Project("{9A19103F-16F7-4668-BE54-9A1E7A4F7556}") = "2023-12", "2023-12\2023-12.csproj", "{F737E027-BAE2-4DAB-A4E3-8098A83EB584}"
EndProject
Project("{9A19103F-16F7-4668-BE54-9A1E7A4F7556}") = "2023-14", "2023-14\2023-14.csproj", "{6D9B0C40-DD93-40A6-9C04-2C0ABD111DC3}"
EndProject
Project("{FAE04EC0-301F-11D3-BF4B-00C04F79EFBC}") = "2023-15", "2023-15\2023-15.csproj", "{84D56155-506A-4B34-86CE-90DFA1455F65}"
EndProject
Global
	GlobalSection(SolutionConfigurationPlatforms) = preSolution
		Debug|Any CPU = Debug|Any CPU
		Release|Any CPU = Release|Any CPU
	EndGlobalSection
	GlobalSection(ProjectConfigurationPlatforms) = postSolution
		{13EA7923-E2B4-4038-826F-244F03E3B9BA}.Debug|Any CPU.ActiveCfg = Debug|Any CPU
		{13EA7923-E2B4-4038-826F-244F03E3B9BA}.Debug|Any CPU.Build.0 = Debug|Any CPU
		{13EA7923-E2B4-4038-826F-244F03E3B9BA}.Release|Any CPU.ActiveCfg = Release|Any CPU
		{13EA7923-E2B4-4038-826F-244F03E3B9BA}.Release|Any CPU.Build.0 = Release|Any CPU
		{BB36F9C2-FE20-444A-B599-FB087404D715}.Debug|Any CPU.ActiveCfg = Debug|Any CPU
		{BB36F9C2-FE20-444A-B599-FB087404D715}.Debug|Any CPU.Build.0 = Debug|Any CPU
		{BB36F9C2-FE20-444A-B599-FB087404D715}.Release|Any CPU.ActiveCfg = Release|Any CPU
		{BB36F9C2-FE20-444A-B599-FB087404D715}.Release|Any CPU.Build.0 = Release|Any CPU
		{5B3F61E4-D3B2-4A1C-B27C-BB117444F159}.Debug|Any CPU.ActiveCfg = Debug|Any CPU
		{5B3F61E4-D3B2-4A1C-B27C-BB117444F159}.Debug|Any CPU.Build.0 = Debug|Any CPU
		{5B3F61E4-D3B2-4A1C-B27C-BB117444F159}.Release|Any CPU.ActiveCfg = Release|Any CPU
		{5B3F61E4-D3B2-4A1C-B27C-BB117444F159}.Release|Any CPU.Build.0 = Release|Any CPU
		{C02B402A-58F8-400C-990A-DFE4CC9F1B7D}.Debug|Any CPU.ActiveCfg = Debug|Any CPU
		{C02B402A-58F8-400C-990A-DFE4CC9F1B7D}.Debug|Any CPU.Build.0 = Debug|Any CPU
		{C02B402A-58F8-400C-990A-DFE4CC9F1B7D}.Release|Any CPU.ActiveCfg = Release|Any CPU
		{C02B402A-58F8-400C-990A-DFE4CC9F1B7D}.Release|Any CPU.Build.0 = Release|Any CPU
		{1FCDCB97-A32E-44C1-85BA-98C74C9B1713}.Debug|Any CPU.ActiveCfg = Debug|Any CPU
		{1FCDCB97-A32E-44C1-85BA-98C74C9B1713}.Debug|Any CPU.Build.0 = Debug|Any CPU
		{1FCDCB97-A32E-44C1-85BA-98C74C9B1713}.Release|Any CPU.ActiveCfg = Release|Any CPU
		{1FCDCB97-A32E-44C1-85BA-98C74C9B1713}.Release|Any CPU.Build.0 = Release|Any CPU
		{62E134D7-B7ED-4533-AED7-2304BD7A9A5C}.Debug|Any CPU.ActiveCfg = Debug|Any CPU
		{62E134D7-B7ED-4533-AED7-2304BD7A9A5C}.Debug|Any CPU.Build.0 = Debug|Any CPU
		{62E134D7-B7ED-4533-AED7-2304BD7A9A5C}.Release|Any CPU.ActiveCfg = Release|Any CPU
		{62E134D7-B7ED-4533-AED7-2304BD7A9A5C}.Release|Any CPU.Build.0 = Release|Any CPU
		{AF9CEB2E-A1F8-497D-A871-E7B9661A6677}.Debug|Any CPU.ActiveCfg = Debug|Any CPU
		{AF9CEB2E-A1F8-497D-A871-E7B9661A6677}.Debug|Any CPU.Build.0 = Debug|Any CPU
		{AF9CEB2E-A1F8-497D-A871-E7B9661A6677}.Release|Any CPU.ActiveCfg = Release|Any CPU
		{AF9CEB2E-A1F8-497D-A871-E7B9661A6677}.Release|Any CPU.Build.0 = Release|Any CPU
		{00A74FE4-173F-40C3-A93F-69D31E62682F}.Debug|Any CPU.ActiveCfg = Debug|Any CPU
		{00A74FE4-173F-40C3-A93F-69D31E62682F}.Debug|Any CPU.Build.0 = Debug|Any CPU
		{00A74FE4-173F-40C3-A93F-69D31E62682F}.Release|Any CPU.ActiveCfg = Release|Any CPU
		{00A74FE4-173F-40C3-A93F-69D31E62682F}.Release|Any CPU.Build.0 = Release|Any CPU
		{1B50E942-CB4F-4C66-B7FA-28EFF34D18FB}.Debug|Any CPU.ActiveCfg = Debug|Any CPU
		{1B50E942-CB4F-4C66-B7FA-28EFF34D18FB}.Debug|Any CPU.Build.0 = Debug|Any CPU
		{1B50E942-CB4F-4C66-B7FA-28EFF34D18FB}.Release|Any CPU.ActiveCfg = Release|Any CPU
		{1B50E942-CB4F-4C66-B7FA-28EFF34D18FB}.Release|Any CPU.Build.0 = Release|Any CPU
		{72AC63AF-F02B-44D0-8E52-5ECD24B31163}.Debug|Any CPU.ActiveCfg = Debug|Any CPU
		{72AC63AF-F02B-44D0-8E52-5ECD24B31163}.Debug|Any CPU.Build.0 = Debug|Any CPU
		{72AC63AF-F02B-44D0-8E52-5ECD24B31163}.Release|Any CPU.ActiveCfg = Release|Any CPU
		{72AC63AF-F02B-44D0-8E52-5ECD24B31163}.Release|Any CPU.Build.0 = Release|Any CPU
		{B418B35D-B837-4BBC-9B09-397D751B2596}.Debug|Any CPU.ActiveCfg = Debug|Any CPU
		{B418B35D-B837-4BBC-9B09-397D751B2596}.Debug|Any CPU.Build.0 = Debug|Any CPU
		{B418B35D-B837-4BBC-9B09-397D751B2596}.Release|Any CPU.ActiveCfg = Release|Any CPU
		{B418B35D-B837-4BBC-9B09-397D751B2596}.Release|Any CPU.Build.0 = Release|Any CPU
		{713FBAD2-EF7B-41FC-93DB-52CFBFE5ED66}.Debug|Any CPU.ActiveCfg = Debug|Any CPU
		{713FBAD2-EF7B-41FC-93DB-52CFBFE5ED66}.Debug|Any CPU.Build.0 = Debug|Any CPU
		{713FBAD2-EF7B-41FC-93DB-52CFBFE5ED66}.Release|Any CPU.ActiveCfg = Release|Any CPU
		{713FBAD2-EF7B-41FC-93DB-52CFBFE5ED66}.Release|Any CPU.Build.0 = Release|Any CPU
		{A80501AF-A554-426C-B67F-542A4FD0AC70}.Debug|Any CPU.ActiveCfg = Debug|Any CPU
		{A80501AF-A554-426C-B67F-542A4FD0AC70}.Debug|Any CPU.Build.0 = Debug|Any CPU
		{A80501AF-A554-426C-B67F-542A4FD0AC70}.Release|Any CPU.ActiveCfg = Release|Any CPU
		{A80501AF-A554-426C-B67F-542A4FD0AC70}.Release|Any CPU.Build.0 = Release|Any CPU
		{357ED68C-3FC5-48D5-A86D-B5DF4BBA9903}.Debug|Any CPU.ActiveCfg = Debug|Any CPU
		{357ED68C-3FC5-48D5-A86D-B5DF4BBA9903}.Debug|Any CPU.Build.0 = Debug|Any CPU
		{357ED68C-3FC5-48D5-A86D-B5DF4BBA9903}.Release|Any CPU.ActiveCfg = Release|Any CPU
		{357ED68C-3FC5-48D5-A86D-B5DF4BBA9903}.Release|Any CPU.Build.0 = Release|Any CPU
		{F79FA2C3-B5AF-4882-B4D8-C4B9026DB129}.Debug|Any CPU.ActiveCfg = Debug|Any CPU
		{F79FA2C3-B5AF-4882-B4D8-C4B9026DB129}.Debug|Any CPU.Build.0 = Debug|Any CPU
		{F79FA2C3-B5AF-4882-B4D8-C4B9026DB129}.Release|Any CPU.ActiveCfg = Release|Any CPU
		{F79FA2C3-B5AF-4882-B4D8-C4B9026DB129}.Release|Any CPU.Build.0 = Release|Any CPU
		{9B8F2FC7-04FC-4A83-9D54-C6C31BCF0082}.Debug|Any CPU.ActiveCfg = Debug|Any CPU
		{9B8F2FC7-04FC-4A83-9D54-C6C31BCF0082}.Debug|Any CPU.Build.0 = Debug|Any CPU
		{9B8F2FC7-04FC-4A83-9D54-C6C31BCF0082}.Release|Any CPU.ActiveCfg = Release|Any CPU
		{9B8F2FC7-04FC-4A83-9D54-C6C31BCF0082}.Release|Any CPU.Build.0 = Release|Any CPU
		{D6D6FD06-8F1B-4F3D-A306-BA14714A978E}.Debug|Any CPU.ActiveCfg = Debug|Any CPU
		{D6D6FD06-8F1B-4F3D-A306-BA14714A978E}.Debug|Any CPU.Build.0 = Debug|Any CPU
		{D6D6FD06-8F1B-4F3D-A306-BA14714A978E}.Release|Any CPU.ActiveCfg = Release|Any CPU
		{D6D6FD06-8F1B-4F3D-A306-BA14714A978E}.Release|Any CPU.Build.0 = Release|Any CPU
		{BA110AD5-A7F1-4056-B18F-2C591D455232}.Debug|Any CPU.ActiveCfg = Debug|Any CPU
		{BA110AD5-A7F1-4056-B18F-2C591D455232}.Debug|Any CPU.Build.0 = Debug|Any CPU
		{BA110AD5-A7F1-4056-B18F-2C591D455232}.Release|Any CPU.ActiveCfg = Release|Any CPU
		{BA110AD5-A7F1-4056-B18F-2C591D455232}.Release|Any CPU.Build.0 = Release|Any CPU
		{D1AE4D7A-E4C8-45E1-B459-84AABDB45D9F}.Debug|Any CPU.ActiveCfg = Debug|Any CPU
		{D1AE4D7A-E4C8-45E1-B459-84AABDB45D9F}.Debug|Any CPU.Build.0 = Debug|Any CPU
		{D1AE4D7A-E4C8-45E1-B459-84AABDB45D9F}.Release|Any CPU.ActiveCfg = Release|Any CPU
		{D1AE4D7A-E4C8-45E1-B459-84AABDB45D9F}.Release|Any CPU.Build.0 = Release|Any CPU
		{BC5EDCC1-DD68-47F8-ACD8-1DA1F579C5D4}.Debug|Any CPU.ActiveCfg = Debug|Any CPU
		{BC5EDCC1-DD68-47F8-ACD8-1DA1F579C5D4}.Debug|Any CPU.Build.0 = Debug|Any CPU
		{BC5EDCC1-DD68-47F8-ACD8-1DA1F579C5D4}.Release|Any CPU.ActiveCfg = Release|Any CPU
		{BC5EDCC1-DD68-47F8-ACD8-1DA1F579C5D4}.Release|Any CPU.Build.0 = Release|Any CPU
		{EC389E56-B0E2-43EA-9BC4-EAA059AE8AAA}.Debug|Any CPU.ActiveCfg = Debug|Any CPU
		{EC389E56-B0E2-43EA-9BC4-EAA059AE8AAA}.Debug|Any CPU.Build.0 = Debug|Any CPU
		{EC389E56-B0E2-43EA-9BC4-EAA059AE8AAA}.Release|Any CPU.ActiveCfg = Release|Any CPU
		{EC389E56-B0E2-43EA-9BC4-EAA059AE8AAA}.Release|Any CPU.Build.0 = Release|Any CPU
		{3E4B6E4B-8C1A-4BDA-9B5D-6967794BD19C}.Debug|Any CPU.ActiveCfg = Debug|Any CPU
		{3E4B6E4B-8C1A-4BDA-9B5D-6967794BD19C}.Debug|Any CPU.Build.0 = Debug|Any CPU
		{3E4B6E4B-8C1A-4BDA-9B5D-6967794BD19C}.Release|Any CPU.ActiveCfg = Release|Any CPU
		{3E4B6E4B-8C1A-4BDA-9B5D-6967794BD19C}.Release|Any CPU.Build.0 = Release|Any CPU
		{523D7605-DCA5-4434-8079-7A6E3CAC6D77}.Debug|Any CPU.ActiveCfg = Debug|Any CPU
		{523D7605-DCA5-4434-8079-7A6E3CAC6D77}.Debug|Any CPU.Build.0 = Debug|Any CPU
		{523D7605-DCA5-4434-8079-7A6E3CAC6D77}.Release|Any CPU.ActiveCfg = Release|Any CPU
		{523D7605-DCA5-4434-8079-7A6E3CAC6D77}.Release|Any CPU.Build.0 = Release|Any CPU
		{8BCEB54F-1876-4CA3-ABA6-A9937DA62E60}.Debug|Any CPU.ActiveCfg = Debug|Any CPU
		{8BCEB54F-1876-4CA3-ABA6-A9937DA62E60}.Debug|Any CPU.Build.0 = Debug|Any CPU
		{8BCEB54F-1876-4CA3-ABA6-A9937DA62E60}.Release|Any CPU.ActiveCfg = Release|Any CPU
		{8BCEB54F-1876-4CA3-ABA6-A9937DA62E60}.Release|Any CPU.Build.0 = Release|Any CPU
		{24759E19-D61B-4D39-9CC2-E413087D205D}.Debug|Any CPU.ActiveCfg = Debug|Any CPU
		{24759E19-D61B-4D39-9CC2-E413087D205D}.Debug|Any CPU.Build.0 = Debug|Any CPU
		{24759E19-D61B-4D39-9CC2-E413087D205D}.Release|Any CPU.ActiveCfg = Release|Any CPU
		{24759E19-D61B-4D39-9CC2-E413087D205D}.Release|Any CPU.Build.0 = Release|Any CPU
		{F737E027-BAE2-4DAB-A4E3-8098A83EB584}.Debug|Any CPU.ActiveCfg = Debug|Any CPU
		{F737E027-BAE2-4DAB-A4E3-8098A83EB584}.Debug|Any CPU.Build.0 = Debug|Any CPU
		{F737E027-BAE2-4DAB-A4E3-8098A83EB584}.Release|Any CPU.ActiveCfg = Release|Any CPU
		{F737E027-BAE2-4DAB-A4E3-8098A83EB584}.Release|Any CPU.Build.0 = Release|Any CPU
		{6D9B0C40-DD93-40A6-9C04-2C0ABD111DC3}.Debug|Any CPU.ActiveCfg = Debug|Any CPU
		{6D9B0C40-DD93-40A6-9C04-2C0ABD111DC3}.Debug|Any CPU.Build.0 = Debug|Any CPU
		{6D9B0C40-DD93-40A6-9C04-2C0ABD111DC3}.Release|Any CPU.ActiveCfg = Release|Any CPU
		{6D9B0C40-DD93-40A6-9C04-2C0ABD111DC3}.Release|Any CPU.Build.0 = Release|Any CPU
		{84D56155-506A-4B34-86CE-90DFA1455F65}.Debug|Any CPU.ActiveCfg = Debug|Any CPU
		{84D56155-506A-4B34-86CE-90DFA1455F65}.Debug|Any CPU.Build.0 = Debug|Any CPU
		{84D56155-506A-4B34-86CE-90DFA1455F65}.Release|Any CPU.ActiveCfg = Release|Any CPU
		{84D56155-506A-4B34-86CE-90DFA1455F65}.Release|Any CPU.Build.0 = Release|Any CPU
	EndGlobalSection
	GlobalSection(SolutionProperties) = preSolution
		HideSolutionNode = FALSE
	EndGlobalSection
	GlobalSection(ExtensibilityGlobals) = postSolution
		SolutionGuid = {66240D3D-ABDA-4831-AF13-A664D1EB0DFF}
	EndGlobalSection
EndGlobal
