
Microsoft Visual Studio Solution File, Format Version 12.00
# Visual Studio Version 17
VisualStudioVersion = 17.2.32526.322
MinimumVisualStudioVersion = 10.0.40219.1
Project("{9A19103F-16F7-4668-BE54-9A1E7A4F7556}") = "2022-02", "2022-02\2022-02.csproj", "{13EA7923-E2B4-4038-826F-244F03E3B9BA}"
EndProject
Project("{9A19103F-16F7-4668-BE54-9A1E7A4F7556}") = "2022-03", "2022-03\2022-03.csproj", "{BB36F9C2-FE20-444A-B599-FB087404D715}"
EndProject
Project("{9A19103F-16F7-4668-BE54-9A1E7A4F7556}") = "2022-06", "2022-06\2022-06.csproj", "{5B3F61E4-D3B2-4A1C-B27C-BB117444F159}"
EndProject
Project("{9A19103F-16F7-4668-BE54-9A1E7A4F7556}") = "2022-04", "2022-04\2022-04.csproj", "{C02B402A-58F8-400C-990A-DFE4CC9F1B7D}"
EndProject
Project("{9A19103F-16F7-4668-BE54-9A1E7A4F7556}") = "2022-05", "2022-05\2022-05.csproj", "{1FCDCB97-A32E-44C1-85BA-98C74C9B1713}"
EndProject
Project("{9A19103F-16F7-4668-BE54-9A1E7A4F7556}") = "2022-01", "2022-01\2022-01.csproj", "{62E134D7-B7ED-4533-AED7-2304BD7A9A5C}"
EndProject
Project("{9A19103F-16F7-4668-BE54-9A1E7A4F7556}") = "2022-07", "2022-07\2022-07.csproj", "{AF9CEB2E-A1F8-497D-A871-E7B9661A6677}"
EndProject
Project("{9A19103F-16F7-4668-BE54-9A1E7A4F7556}") = "2022-08", "2022-08\2022-08.csproj", "{00A74FE4-173F-40C3-A93F-69D31E62682F}"
EndProject
Project("{9A19103F-16F7-4668-BE54-9A1E7A4F7556}") = "2022-09", "2022-09\2022-09.csproj", "{1B50E942-CB4F-4C66-B7FA-28EFF34D18FB}"
EndProject
Project("{FAE04EC0-301F-11D3-BF4B-00C04F79EFBC}") = "2022-10", "2022-10\2022-10.csproj", "{72AC63AF-F02B-44D0-8E52-5ECD24B31163}"
EndProject
Project("{FAE04EC0-301F-11D3-BF4B-00C04F79EFBC}") = "2022-11", "2022-11\2022-11.csproj", "{B418B35D-B837-4BBC-9B09-397D751B2596}"
EndProject
Global
	GlobalSection(SolutionConfigurationPlatforms) = preSolution
		Debug|Any CPU = Debug|Any CPU
		Release|Any CPU = Release|Any CPU
	EndGlobalSection
	GlobalSection(ProjectConfigurationPlatforms) = postSolution
		{13EA7923-E2B4-4038-826F-244F03E3B9BA}.Debug|Any CPU.ActiveCfg = Debug|Any CPU
		{13EA7923-E2B4-4038-826F-244F03E3B9BA}.Debug|Any CPU.Build.0 = Debug|Any CPU
		{13EA7923-E2B4-4038-826F-244F03E3B9BA}.Release|Any CPU.ActiveCfg = Release|Any CPU
		{13EA7923-E2B4-4038-826F-244F03E3B9BA}.Release|Any CPU.Build.0 = Release|Any CPU
		{BB36F9C2-FE20-444A-B599-FB087404D715}.Debug|Any CPU.ActiveCfg = Debug|Any CPU
		{BB36F9C2-FE20-444A-B599-FB087404D715}.Debug|Any CPU.Build.0 = Debug|Any CPU
		{BB36F9C2-FE20-444A-B599-FB087404D715}.Release|Any CPU.ActiveCfg = Release|Any CPU
		{BB36F9C2-FE20-444A-B599-FB087404D715}.Release|Any CPU.Build.0 = Release|Any CPU
		{5B3F61E4-D3B2-4A1C-B27C-BB117444F159}.Debug|Any CPU.ActiveCfg = Debug|Any CPU
		{5B3F61E4-D3B2-4A1C-B27C-BB117444F159}.Debug|Any CPU.Build.0 = Debug|Any CPU
		{5B3F61E4-D3B2-4A1C-B27C-BB117444F159}.Release|Any CPU.ActiveCfg = Release|Any CPU
		{5B3F61E4-D3B2-4A1C-B27C-BB117444F159}.Release|Any CPU.Build.0 = Release|Any CPU
		{C02B402A-58F8-400C-990A-DFE4CC9F1B7D}.Debug|Any CPU.ActiveCfg = Debug|Any CPU
		{C02B402A-58F8-400C-990A-DFE4CC9F1B7D}.Debug|Any CPU.Build.0 = Debug|Any CPU
		{C02B402A-58F8-400C-990A-DFE4CC9F1B7D}.Release|Any CPU.ActiveCfg = Release|Any CPU
		{C02B402A-58F8-400C-990A-DFE4CC9F1B7D}.Release|Any CPU.Build.0 = Release|Any CPU
		{1FCDCB97-A32E-44C1-85BA-98C74C9B1713}.Debug|Any CPU.ActiveCfg = Debug|Any CPU
		{1FCDCB97-A32E-44C1-85BA-98C74C9B1713}.Debug|Any CPU.Build.0 = Debug|Any CPU
		{1FCDCB97-A32E-44C1-85BA-98C74C9B1713}.Release|Any CPU.ActiveCfg = Release|Any CPU
		{1FCDCB97-A32E-44C1-85BA-98C74C9B1713}.Release|Any CPU.Build.0 = Release|Any CPU
		{62E134D7-B7ED-4533-AED7-2304BD7A9A5C}.Debug|Any CPU.ActiveCfg = Debug|Any CPU
		{62E134D7-B7ED-4533-AED7-2304BD7A9A5C}.Debug|Any CPU.Build.0 = Debug|Any CPU
		{62E134D7-B7ED-4533-AED7-2304BD7A9A5C}.Release|Any CPU.ActiveCfg = Release|Any CPU
		{62E134D7-B7ED-4533-AED7-2304BD7A9A5C}.Release|Any CPU.Build.0 = Release|Any CPU
		{AF9CEB2E-A1F8-497D-A871-E7B9661A6677}.Debug|Any CPU.ActiveCfg = Debug|Any CPU
		{AF9CEB2E-A1F8-497D-A871-E7B9661A6677}.Debug|Any CPU.Build.0 = Debug|Any CPU
		{AF9CEB2E-A1F8-497D-A871-E7B9661A6677}.Release|Any CPU.ActiveCfg = Release|Any CPU
		{AF9CEB2E-A1F8-497D-A871-E7B9661A6677}.Release|Any CPU.Build.0 = Release|Any CPU
		{00A74FE4-173F-40C3-A93F-69D31E62682F}.Debug|Any CPU.ActiveCfg = Debug|Any CPU
		{00A74FE4-173F-40C3-A93F-69D31E62682F}.Debug|Any CPU.Build.0 = Debug|Any CPU
		{00A74FE4-173F-40C3-A93F-69D31E62682F}.Release|Any CPU.ActiveCfg = Release|Any CPU
		{00A74FE4-173F-40C3-A93F-69D31E62682F}.Release|Any CPU.Build.0 = Release|Any CPU
		{1B50E942-CB4F-4C66-B7FA-28EFF34D18FB}.Debug|Any CPU.ActiveCfg = Debug|Any CPU
		{1B50E942-CB4F-4C66-B7FA-28EFF34D18FB}.Debug|Any CPU.Build.0 = Debug|Any CPU
		{1B50E942-CB4F-4C66-B7FA-28EFF34D18FB}.Release|Any CPU.ActiveCfg = Release|Any CPU
		{1B50E942-CB4F-4C66-B7FA-28EFF34D18FB}.Release|Any CPU.Build.0 = Release|Any CPU
		{72AC63AF-F02B-44D0-8E52-5ECD24B31163}.Debug|Any CPU.ActiveCfg = Debug|Any CPU
		{72AC63AF-F02B-44D0-8E52-5ECD24B31163}.Debug|Any CPU.Build.0 = Debug|Any CPU
		{72AC63AF-F02B-44D0-8E52-5ECD24B31163}.Release|Any CPU.ActiveCfg = Release|Any CPU
		{72AC63AF-F02B-44D0-8E52-5ECD24B31163}.Release|Any CPU.Build.0 = Release|Any CPU
		{B418B35D-B837-4BBC-9B09-397D751B2596}.Debug|Any CPU.ActiveCfg = Debug|Any CPU
		{B418B35D-B837-4BBC-9B09-397D751B2596}.Debug|Any CPU.Build.0 = Debug|Any CPU
		{B418B35D-B837-4BBC-9B09-397D751B2596}.Release|Any CPU.ActiveCfg = Release|Any CPU
		{B418B35D-B837-4BBC-9B09-397D751B2596}.Release|Any CPU.Build.0 = Release|Any CPU
	EndGlobalSection
	GlobalSection(SolutionProperties) = preSolution
		HideSolutionNode = FALSE
	EndGlobalSection
	GlobalSection(ExtensibilityGlobals) = postSolution
		SolutionGuid = {66240D3D-ABDA-4831-AF13-A664D1EB0DFF}
	EndGlobalSection
EndGlobal
